// !$*UTF8*$!
{
	archiveVersion = 1;
	classes = {
	};
	objectVersion = 51;
	objects = {

/* Begin PBXBuildFile section */
		7577F57217BCF64F81CC0AB7 /* Pods_MapView.framework in Frameworks */ = {isa = PBXBuildFile; fileRef = 19AB907C2132BB8EAF4C8DF3 /* Pods_MapView.framework */; };
		EA0A58EA2384E3CF00971BEE /* PaddingLabel.swift in Sources */ = {isa = PBXBuildFile; fileRef = EA0A58E92384E3CF00971BEE /* PaddingLabel.swift */; };
		EA11ED8F236913AE00491657 /* LocationSearchTable.swift in Sources */ = {isa = PBXBuildFile; fileRef = EA11ED8E236913AE00491657 /* LocationSearchTable.swift */; };
		EA11ED93236A14E700491657 /* Main.storyboard in Resources */ = {isa = PBXBuildFile; fileRef = EA11ED92236A14E700491657 /* Main.storyboard */; };
		EA1EEB00237AC2250089FA35 /* FirebaseAuthManager.swift in Sources */ = {isa = PBXBuildFile; fileRef = EA1EEAFF237AC2250089FA35 /* FirebaseAuthManager.swift */; };
		EA40A8BE2367703A00A48E12 /* Button.swift in Sources */ = {isa = PBXBuildFile; fileRef = EA40A8BD2367703A00A48E12 /* Button.swift */; };
		EA40A8C02367A3E500A48E12 /* SlideInPresentationAnimator.swift in Sources */ = {isa = PBXBuildFile; fileRef = EA40A8BF2367A3E500A48E12 /* SlideInPresentationAnimator.swift */; };
		EA43D10B234CEC91000E5DA4 /* Tag.swift in Sources */ = {isa = PBXBuildFile; fileRef = EA43D10A234CEC91000E5DA4 /* Tag.swift */; };
		EA43D10D234CFA3D000E5DA4 /* MyTabBarController.swift in Sources */ = {isa = PBXBuildFile; fileRef = EA43D10C234CFA3D000E5DA4 /* MyTabBarController.swift */; };
		EA4C1E1B2364E58500BE4184 /* TextField.swift in Sources */ = {isa = PBXBuildFile; fileRef = EA4C1E1A2364E58500BE4184 /* TextField.swift */; };
		EA4C1E2123651B9100BE4184 /* SearchLocationViewController.swift in Sources */ = {isa = PBXBuildFile; fileRef = EA4C1E2023651B9100BE4184 /* SearchLocationViewController.swift */; };
		EA4EFE112377BE33003B5D9A /* CollectionViewCell.swift in Sources */ = {isa = PBXBuildFile; fileRef = EA4EFE102377BE33003B5D9A /* CollectionViewCell.swift */; };
		EA4EFE1B237A3122003B5D9A /* GlobalColors.swift in Sources */ = {isa = PBXBuildFile; fileRef = EA4EFE1A237A3122003B5D9A /* GlobalColors.swift */; };
		EA617855234E417400709A42 /* TagCell.swift in Sources */ = {isa = PBXBuildFile; fileRef = EA617854234E417400709A42 /* TagCell.swift */; };
		EA61785B234E811000709A42 /* ProfileCell.swift in Sources */ = {isa = PBXBuildFile; fileRef = EA61785A234E811000709A42 /* ProfileCell.swift */; };
		EA756952237FF114009722F4 /* LaunchScreenViewController.swift in Sources */ = {isa = PBXBuildFile; fileRef = EA756951237FF114009722F4 /* LaunchScreenViewController.swift */; };
		EA792CB2234F9DCC00EDB370 /* TestingJellies.swift in Sources */ = {isa = PBXBuildFile; fileRef = EA792CB1234F9DCC00EDB370 /* TestingJellies.swift */; };
		EA7E8C9B23874BE200E7A120 /* PersistentManager.swift in Sources */ = {isa = PBXBuildFile; fileRef = EA7E8C9A23874BE200E7A120 /* PersistentManager.swift */; };
		EA85C43B2365256400529973 /* SlideInPresentationManager.swift in Sources */ = {isa = PBXBuildFile; fileRef = EA85C43A2365256400529973 /* SlideInPresentationManager.swift */; };
		EA85C4432366C0C500529973 /* SlideInPresentationController.swift in Sources */ = {isa = PBXBuildFile; fileRef = EA85C4422366C0C500529973 /* SlideInPresentationController.swift */; };
		EA89B1A2236E9EBC00125472 /* String, Character+Extensions.swift in Sources */ = {isa = PBXBuildFile; fileRef = EA89B1A1236E9EBC00125472 /* String, Character+Extensions.swift */; };
		EAB10F13237AB271000B3519 /* Switcher.swift in Sources */ = {isa = PBXBuildFile; fileRef = EAB10F12237AB271000B3519 /* Switcher.swift */; };
		EAB10F17237AB4B4000B3519 /* LoginViewController.swift in Sources */ = {isa = PBXBuildFile; fileRef = EAB10F16237AB4B4000B3519 /* LoginViewController.swift */; };
		EAB10F1A237AB4D8000B3519 /* SignUpViewController.swift in Sources */ = {isa = PBXBuildFile; fileRef = EAB10F19237AB4D8000B3519 /* SignUpViewController.swift */; };
		EAB10F1C237AB4FD000B3519 /* MainViewController.swift in Sources */ = {isa = PBXBuildFile; fileRef = EAB10F1B237AB4FD000B3519 /* MainViewController.swift */; };
		EACA8E7923452CD30029B881 /* AppDelegate.swift in Sources */ = {isa = PBXBuildFile; fileRef = EACA8E7823452CD30029B881 /* AppDelegate.swift */; };
		EACA8E7B23452CD30029B881 /* MapViewController.swift in Sources */ = {isa = PBXBuildFile; fileRef = EACA8E7A23452CD30029B881 /* MapViewController.swift */; };
		EACA8E8023452CD60029B881 /* Assets.xcassets in Resources */ = {isa = PBXBuildFile; fileRef = EACA8E7F23452CD60029B881 /* Assets.xcassets */; };
		EACA8E8D234564980029B881 /* TestingConstants.swift in Sources */ = {isa = PBXBuildFile; fileRef = EACA8E8C234564980029B881 /* TestingConstants.swift */; };
		EACA8E9123456A210029B881 /* Jelly.swift in Sources */ = {isa = PBXBuildFile; fileRef = EACA8E9023456A210029B881 /* Jelly.swift */; };
		EACA8E9323457C580029B881 /* AddJellyViewController.swift in Sources */ = {isa = PBXBuildFile; fileRef = EACA8E9223457C580029B881 /* AddJellyViewController.swift */; };
		EACA8E992345822D0029B881 /* UserProfileViewController.swift in Sources */ = {isa = PBXBuildFile; fileRef = EACA8E982345822D0029B881 /* UserProfileViewController.swift */; };
		EACA8E9B2345830A0029B881 /* SearchTagsViewController.swift in Sources */ = {isa = PBXBuildFile; fileRef = EACA8E9A2345830A0029B881 /* SearchTagsViewController.swift */; };
		EACA8E9E2345E19E0029B881 /* JellyViews.swift in Sources */ = {isa = PBXBuildFile; fileRef = EACA8E9D2345E19E0029B881 /* JellyViews.swift */; };
		EACA8EA02345E79D0029B881 /* String+Extensions.swift in Sources */ = {isa = PBXBuildFile; fileRef = EACA8E9F2345E79D0029B881 /* String+Extensions.swift */; };
		EAD903A5235EA6D6005EB05C /* GoogleService-Info.plist in Resources */ = {isa = PBXBuildFile; fileRef = EAD903A4235EA6D6005EB05C /* GoogleService-Info.plist */; };
		EADD2311238509470096AF7B /* CoconutJelly.xcdatamodeld in Sources */ = {isa = PBXBuildFile; fileRef = EADD230F238509470096AF7B /* CoconutJelly.xcdatamodeld */; };
		EAE00673238B7D5B0046C732 /* NetworkingManager.swift in Sources */ = {isa = PBXBuildFile; fileRef = EAE00672238B7D5B0046C732 /* NetworkingManager.swift */; };
		EAE00677238CF55E0046C732 /* Snapshot+Extension.swift in Sources */ = {isa = PBXBuildFile; fileRef = EAE00676238CF55E0046C732 /* Snapshot+Extension.swift */; };
		EAE0067B2391BD5A0046C732 /* JelliesTag.swift in Sources */ = {isa = PBXBuildFile; fileRef = EAE0067A2391BD5A0046C732 /* JelliesTag.swift */; };
		EAE0067D2391F2AD0046C732 /* JelliesImages.swift in Sources */ = {isa = PBXBuildFile; fileRef = EAE0067C2391F2AD0046C732 /* JelliesImages.swift */; };
		EAE0068123920A050046C732 /* JelliesView.swift in Sources */ = {isa = PBXBuildFile; fileRef = EAE0068023920A050046C732 /* JelliesView.swift */; };
		EAE00685239265B50046C732 /* temp.swift in Sources */ = {isa = PBXBuildFile; fileRef = EAE00684239265B50046C732 /* temp.swift */; };
		EAE0068B2393C6D10046C732 /* MapViewManager.swift in Sources */ = {isa = PBXBuildFile; fileRef = EAE0068A2393C6D10046C732 /* MapViewManager.swift */; };
		EAE0068D2393DC6C0046C732 /* NotificationCenter+Extensions.swift in Sources */ = {isa = PBXBuildFile; fileRef = EAE0068C2393DC6C0046C732 /* NotificationCenter+Extensions.swift */; };
		EAE4E62E235FAFD700CB1B5E /* UIColor+Extensions.swift in Sources */ = {isa = PBXBuildFile; fileRef = EAE4E62D235FAFD700CB1B5E /* UIColor+Extensions.swift */; };
		EAF2BF63234690E700CD0755 /* ToDo.swift in Sources */ = {isa = PBXBuildFile; fileRef = EAF2BF62234690E700CD0755 /* ToDo.swift */; };
/* End PBXBuildFile section */

/* Begin PBXFileReference section */
		19AB907C2132BB8EAF4C8DF3 /* Pods_MapView.framework */ = {isa = PBXFileReference; explicitFileType = wrapper.framework; includeInIndex = 0; path = Pods_MapView.framework; sourceTree = BUILT_PRODUCTS_DIR; };
		AC0FE89230DBDBAC06E9E314 /* Pods-MapView.release.xcconfig */ = {isa = PBXFileReference; includeInIndex = 1; lastKnownFileType = text.xcconfig; name = "Pods-MapView.release.xcconfig"; path = "Target Support Files/Pods-MapView/Pods-MapView.release.xcconfig"; sourceTree = "<group>"; };
		DAB7F76BEB7C0F800EA2212F /* Pods-MapView.debug.xcconfig */ = {isa = PBXFileReference; includeInIndex = 1; lastKnownFileType = text.xcconfig; name = "Pods-MapView.debug.xcconfig"; path = "Target Support Files/Pods-MapView/Pods-MapView.debug.xcconfig"; sourceTree = "<group>"; };
		EA0A58E92384E3CF00971BEE /* PaddingLabel.swift */ = {isa = PBXFileReference; lastKnownFileType = sourcecode.swift; path = PaddingLabel.swift; sourceTree = "<group>"; };
		EA11ED8E236913AE00491657 /* LocationSearchTable.swift */ = {isa = PBXFileReference; lastKnownFileType = sourcecode.swift; path = LocationSearchTable.swift; sourceTree = "<group>"; };
		EA11ED92236A14E700491657 /* Main.storyboard */ = {isa = PBXFileReference; fileEncoding = 4; lastKnownFileType = file.storyboard; path = Main.storyboard; sourceTree = "<group>"; };
		EA1EEAFF237AC2250089FA35 /* FirebaseAuthManager.swift */ = {isa = PBXFileReference; lastKnownFileType = sourcecode.swift; path = FirebaseAuthManager.swift; sourceTree = "<group>"; };
		EA40A8BD2367703A00A48E12 /* Button.swift */ = {isa = PBXFileReference; lastKnownFileType = sourcecode.swift; path = Button.swift; sourceTree = "<group>"; };
		EA40A8BF2367A3E500A48E12 /* SlideInPresentationAnimator.swift */ = {isa = PBXFileReference; lastKnownFileType = sourcecode.swift; path = SlideInPresentationAnimator.swift; sourceTree = "<group>"; };
		EA43D10A234CEC91000E5DA4 /* Tag.swift */ = {isa = PBXFileReference; lastKnownFileType = sourcecode.swift; path = Tag.swift; sourceTree = "<group>"; };
		EA43D10C234CFA3D000E5DA4 /* MyTabBarController.swift */ = {isa = PBXFileReference; lastKnownFileType = sourcecode.swift; path = MyTabBarController.swift; sourceTree = "<group>"; };
		EA4C1E1A2364E58500BE4184 /* TextField.swift */ = {isa = PBXFileReference; lastKnownFileType = sourcecode.swift; path = TextField.swift; sourceTree = "<group>"; };
		EA4C1E2023651B9100BE4184 /* SearchLocationViewController.swift */ = {isa = PBXFileReference; lastKnownFileType = sourcecode.swift; path = SearchLocationViewController.swift; sourceTree = "<group>"; };
		EA4EFE102377BE33003B5D9A /* CollectionViewCell.swift */ = {isa = PBXFileReference; lastKnownFileType = sourcecode.swift; path = CollectionViewCell.swift; sourceTree = "<group>"; };
		EA4EFE1A237A3122003B5D9A /* GlobalColors.swift */ = {isa = PBXFileReference; lastKnownFileType = sourcecode.swift; path = GlobalColors.swift; sourceTree = "<group>"; };
		EA617854234E417400709A42 /* TagCell.swift */ = {isa = PBXFileReference; lastKnownFileType = sourcecode.swift; path = TagCell.swift; sourceTree = "<group>"; };
		EA61785A234E811000709A42 /* ProfileCell.swift */ = {isa = PBXFileReference; lastKnownFileType = sourcecode.swift; path = ProfileCell.swift; sourceTree = "<group>"; };
		EA756951237FF114009722F4 /* LaunchScreenViewController.swift */ = {isa = PBXFileReference; lastKnownFileType = sourcecode.swift; path = LaunchScreenViewController.swift; sourceTree = "<group>"; };
		EA7798AB235EED2F00DBB836 /* WSTagsField.framework */ = {isa = PBXFileReference; explicitFileType = wrapper.framework; path = WSTagsField.framework; sourceTree = BUILT_PRODUCTS_DIR; };
		EA792CB1234F9DCC00EDB370 /* TestingJellies.swift */ = {isa = PBXFileReference; lastKnownFileType = sourcecode.swift; path = TestingJellies.swift; sourceTree = "<group>"; };
		EA7E8C9A23874BE200E7A120 /* PersistentManager.swift */ = {isa = PBXFileReference; lastKnownFileType = sourcecode.swift; path = PersistentManager.swift; sourceTree = "<group>"; };
		EA85C43A2365256400529973 /* SlideInPresentationManager.swift */ = {isa = PBXFileReference; lastKnownFileType = sourcecode.swift; path = SlideInPresentationManager.swift; sourceTree = "<group>"; };
		EA85C4422366C0C500529973 /* SlideInPresentationController.swift */ = {isa = PBXFileReference; lastKnownFileType = sourcecode.swift; path = SlideInPresentationController.swift; sourceTree = "<group>"; };
		EA89B1A1236E9EBC00125472 /* String, Character+Extensions.swift */ = {isa = PBXFileReference; lastKnownFileType = sourcecode.swift; path = "String, Character+Extensions.swift"; sourceTree = "<group>"; };
		EAB10F12237AB271000B3519 /* Switcher.swift */ = {isa = PBXFileReference; lastKnownFileType = sourcecode.swift; path = Switcher.swift; sourceTree = "<group>"; };
		EAB10F16237AB4B4000B3519 /* LoginViewController.swift */ = {isa = PBXFileReference; lastKnownFileType = sourcecode.swift; path = LoginViewController.swift; sourceTree = "<group>"; };
		EAB10F19237AB4D8000B3519 /* SignUpViewController.swift */ = {isa = PBXFileReference; lastKnownFileType = sourcecode.swift; path = SignUpViewController.swift; sourceTree = "<group>"; };
		EAB10F1B237AB4FD000B3519 /* MainViewController.swift */ = {isa = PBXFileReference; lastKnownFileType = sourcecode.swift; path = MainViewController.swift; sourceTree = "<group>"; };
		EAB4089F238B6C0C00EC6BC6 /* FirebaseDatabase.framework */ = {isa = PBXFileReference; explicitFileType = wrapper.framework; path = FirebaseDatabase.framework; sourceTree = BUILT_PRODUCTS_DIR; };
		EACA8E7523452CD30029B881 /* MapView.app */ = {isa = PBXFileReference; explicitFileType = wrapper.application; includeInIndex = 0; path = MapView.app; sourceTree = BUILT_PRODUCTS_DIR; };
		EACA8E7823452CD30029B881 /* AppDelegate.swift */ = {isa = PBXFileReference; lastKnownFileType = sourcecode.swift; path = AppDelegate.swift; sourceTree = "<group>"; };
		EACA8E7A23452CD30029B881 /* MapViewController.swift */ = {isa = PBXFileReference; lastKnownFileType = sourcecode.swift; path = MapViewController.swift; sourceTree = "<group>"; };
		EACA8E7F23452CD60029B881 /* Assets.xcassets */ = {isa = PBXFileReference; lastKnownFileType = folder.assetcatalog; path = Assets.xcassets; sourceTree = "<group>"; };
		EACA8E8423452CD60029B881 /* Info.plist */ = {isa = PBXFileReference; lastKnownFileType = text.plist.xml; path = Info.plist; sourceTree = "<group>"; };
		EACA8E8C234564980029B881 /* TestingConstants.swift */ = {isa = PBXFileReference; lastKnownFileType = sourcecode.swift; path = TestingConstants.swift; sourceTree = "<group>"; };
		EACA8E9023456A210029B881 /* Jelly.swift */ = {isa = PBXFileReference; lastKnownFileType = sourcecode.swift; path = Jelly.swift; sourceTree = "<group>"; };
		EACA8E9223457C580029B881 /* AddJellyViewController.swift */ = {isa = PBXFileReference; lastKnownFileType = sourcecode.swift; path = AddJellyViewController.swift; sourceTree = "<group>"; };
		EACA8E982345822D0029B881 /* UserProfileViewController.swift */ = {isa = PBXFileReference; lastKnownFileType = sourcecode.swift; path = UserProfileViewController.swift; sourceTree = "<group>"; };
		EACA8E9A2345830A0029B881 /* SearchTagsViewController.swift */ = {isa = PBXFileReference; lastKnownFileType = sourcecode.swift; path = SearchTagsViewController.swift; sourceTree = "<group>"; };
		EACA8E9C2345D9400029B881 /* Home.gpx */ = {isa = PBXFileReference; lastKnownFileType = text.xml; path = Home.gpx; sourceTree = "<group>"; };
		EACA8E9D2345E19E0029B881 /* JellyViews.swift */ = {isa = PBXFileReference; lastKnownFileType = sourcecode.swift; path = JellyViews.swift; sourceTree = "<group>"; };
		EACA8E9F2345E79D0029B881 /* String+Extensions.swift */ = {isa = PBXFileReference; lastKnownFileType = sourcecode.swift; path = "String+Extensions.swift"; sourceTree = "<group>"; };
		EAD903A4235EA6D6005EB05C /* GoogleService-Info.plist */ = {isa = PBXFileReference; fileEncoding = 4; lastKnownFileType = text.plist.xml; path = "GoogleService-Info.plist"; sourceTree = "<group>"; };
		EADD2310238509470096AF7B /* CoconutJelly.xcdatamodel */ = {isa = PBXFileReference; lastKnownFileType = wrapper.xcdatamodel; path = CoconutJelly.xcdatamodel; sourceTree = "<group>"; };
		EAE00672238B7D5B0046C732 /* NetworkingManager.swift */ = {isa = PBXFileReference; lastKnownFileType = sourcecode.swift; path = NetworkingManager.swift; sourceTree = "<group>"; };
		EAE00676238CF55E0046C732 /* Snapshot+Extension.swift */ = {isa = PBXFileReference; lastKnownFileType = sourcecode.swift; path = "Snapshot+Extension.swift"; sourceTree = "<group>"; };
		EAE0067A2391BD5A0046C732 /* JelliesTag.swift */ = {isa = PBXFileReference; lastKnownFileType = sourcecode.swift; path = JelliesTag.swift; sourceTree = "<group>"; };
		EAE0067C2391F2AD0046C732 /* JelliesImages.swift */ = {isa = PBXFileReference; lastKnownFileType = sourcecode.swift; path = JelliesImages.swift; sourceTree = "<group>"; };
		EAE0068023920A050046C732 /* JelliesView.swift */ = {isa = PBXFileReference; lastKnownFileType = sourcecode.swift; path = JelliesView.swift; sourceTree = "<group>"; };
		EAE00684239265B50046C732 /* temp.swift */ = {isa = PBXFileReference; lastKnownFileType = sourcecode.swift; path = temp.swift; sourceTree = "<group>"; };
		EAE0068A2393C6D10046C732 /* MapViewManager.swift */ = {isa = PBXFileReference; lastKnownFileType = sourcecode.swift; path = MapViewManager.swift; sourceTree = "<group>"; };
		EAE0068C2393DC6C0046C732 /* NotificationCenter+Extensions.swift */ = {isa = PBXFileReference; lastKnownFileType = sourcecode.swift; path = "NotificationCenter+Extensions.swift"; sourceTree = "<group>"; };
		EAE4E62D235FAFD700CB1B5E /* UIColor+Extensions.swift */ = {isa = PBXFileReference; lastKnownFileType = sourcecode.swift; path = "UIColor+Extensions.swift"; sourceTree = "<group>"; };
		EAF2BF62234690E700CD0755 /* ToDo.swift */ = {isa = PBXFileReference; lastKnownFileType = sourcecode.swift; path = ToDo.swift; sourceTree = "<group>"; };
/* End PBXFileReference section */

/* Begin PBXFrameworksBuildPhase section */
		EACA8E7223452CD30029B881 /* Frameworks */ = {
			isa = PBXFrameworksBuildPhase;
			buildActionMask = 2147483647;
			files = (
				7577F57217BCF64F81CC0AB7 /* Pods_MapView.framework in Frameworks */,
			);
			runOnlyForDeploymentPostprocessing = 0;
		};
/* End PBXFrameworksBuildPhase section */

/* Begin PBXGroup section */
		710A360E5319856B7DC846D1 /* Pods */ = {
			isa = PBXGroup;
			children = (
				DAB7F76BEB7C0F800EA2212F /* Pods-MapView.debug.xcconfig */,
				AC0FE89230DBDBAC06E9E314 /* Pods-MapView.release.xcconfig */,
			);
			path = Pods;
			sourceTree = "<group>";
		};
		E41DC98C42180012138E5C80 /* Frameworks */ = {
			isa = PBXGroup;
			children = (
				EAB4089F238B6C0C00EC6BC6 /* FirebaseDatabase.framework */,
				EA7798AB235EED2F00DBB836 /* WSTagsField.framework */,
				19AB907C2132BB8EAF4C8DF3 /* Pods_MapView.framework */,
			);
			name = Frameworks;
			sourceTree = "<group>";
		};
		EA40A8BC2366C36600A48E12 /* Presentation */ = {
			isa = PBXGroup;
			children = (
				EA85C4422366C0C500529973 /* SlideInPresentationController.swift */,
				EA40A8BF2367A3E500A48E12 /* SlideInPresentationAnimator.swift */,
				EA85C43A2365256400529973 /* SlideInPresentationManager.swift */,
			);
			path = Presentation;
			sourceTree = "<group>";
		};
		EA4EFE12237A2AE4003B5D9A /* Add Jelly VC */ = {
			isa = PBXGroup;
			children = (
				EA617854234E417400709A42 /* TagCell.swift */,
				EA4C1E1A2364E58500BE4184 /* TextField.swift */,
				EA4EFE102377BE33003B5D9A /* CollectionViewCell.swift */,
				EA40A8BD2367703A00A48E12 /* Button.swift */,
				EA89B1A1236E9EBC00125472 /* String, Character+Extensions.swift */,
			);
			path = "Add Jelly VC";
			sourceTree = "<group>";
		};
		EA4EFE13237A2EA4003B5D9A /* User Profile VC */ = {
			isa = PBXGroup;
			children = (
				EA61785A234E811000709A42 /* ProfileCell.swift */,
			);
			path = "User Profile VC";
			sourceTree = "<group>";
		};
		EA4EFE14237A2EB7003B5D9A /* Map VC */ = {
			isa = PBXGroup;
			children = (
				EACA8E9D2345E19E0029B881 /* JellyViews.swift */,
			);
			path = "Map VC";
			sourceTree = "<group>";
		};
		EA4EFE15237A2EE8003B5D9A /* Extensions */ = {
			isa = PBXGroup;
			children = (
				EAE4E62D235FAFD700CB1B5E /* UIColor+Extensions.swift */,
				EACA8E9F2345E79D0029B881 /* String+Extensions.swift */,
				EAE0068C2393DC6C0046C732 /* NotificationCenter+Extensions.swift */,
			);
			path = Extensions;
			sourceTree = "<group>";
		};
		EA4EFE16237A2EF9003B5D9A /* Class */ = {
			isa = PBXGroup;
			children = (
				EA43D10A234CEC91000E5DA4 /* Tag.swift */,
				EACA8E9023456A210029B881 /* Jelly.swift */,
				EA0A58E92384E3CF00971BEE /* PaddingLabel.swift */,
			);
			path = Class;
			sourceTree = "<group>";
		};
		EA4EFE17237A2F0F003B5D9A /* Global Constants */ = {
			isa = PBXGroup;
			children = (
				EA4EFE1A237A3122003B5D9A /* GlobalColors.swift */,
			);
			path = "Global Constants";
			sourceTree = "<group>";
		};
		EA792CB3234F9DD200EDB370 /* Testing */ = {
			isa = PBXGroup;
			children = (
				EACA8E8C234564980029B881 /* TestingConstants.swift */,
				EA792CB1234F9DCC00EDB370 /* TestingJellies.swift */,
			);
			path = Testing;
			sourceTree = "<group>";
		};
		EAB10F11237AB25A000B3519 /* Authentication */ = {
			isa = PBXGroup;
			children = (
				EAB10F12237AB271000B3519 /* Switcher.swift */,
				EA1EEAFF237AC2250089FA35 /* FirebaseAuthManager.swift */,
			);
			path = Authentication;
			sourceTree = "<group>";
		};
		EAB10F18237AB4C7000B3519 /* Authentication */ = {
			isa = PBXGroup;
			children = (
				EAB10F16237AB4B4000B3519 /* LoginViewController.swift */,
				EAB10F19237AB4D8000B3519 /* SignUpViewController.swift */,
				EAB10F1B237AB4FD000B3519 /* MainViewController.swift */,
			);
			path = Authentication;
			sourceTree = "<group>";
		};
		EACA8E6C23452CD30029B881 = {
			isa = PBXGroup;
			children = (
				EACA8E9C2345D9400029B881 /* Home.gpx */,
				EACA8E7723452CD30029B881 /* MapView */,
				EACA8E7623452CD30029B881 /* Products */,
				710A360E5319856B7DC846D1 /* Pods */,
				E41DC98C42180012138E5C80 /* Frameworks */,
			);
			sourceTree = "<group>";
		};
		EACA8E7623452CD30029B881 /* Products */ = {
			isa = PBXGroup;
			children = (
				EACA8E7523452CD30029B881 /* MapView.app */,
			);
			name = Products;
			sourceTree = "<group>";
		};
		EACA8E7723452CD30029B881 /* MapView */ = {
			isa = PBXGroup;
			children = (
				EA11ED92236A14E700491657 /* Main.storyboard */,
				EACA8E7823452CD30029B881 /* AppDelegate.swift */,
				EADD230E2385092E0096AF7B /* Core Data */,
				EA40A8BC2366C36600A48E12 /* Presentation */,
				EADD231A238606E70096AF7B /* Networking */,
				EACA8E9423457C7D0029B881 /* View Controllers */,
				EACA8E9523457CC90029B881 /* Model */,
				EAF2BF62234690E700CD0755 /* ToDo.swift */,
				EACA8E7F23452CD60029B881 /* Assets.xcassets */,
				EAD903A3235EA6A4005EB05C /* Supporting Files */,
			);
			path = MapView;
			sourceTree = "<group>";
		};
		EACA8E9423457C7D0029B881 /* View Controllers */ = {
			isa = PBXGroup;
			children = (
				EA792CB3234F9DD200EDB370 /* Testing */,
				EACA8E7A23452CD30029B881 /* MapViewController.swift */,
				EA43D10C234CFA3D000E5DA4 /* MyTabBarController.swift */,
				EAB10F18237AB4C7000B3519 /* Authentication */,
				EA11ED8E236913AE00491657 /* LocationSearchTable.swift */,
				EA4C1E2023651B9100BE4184 /* SearchLocationViewController.swift */,
				EACA8E9223457C580029B881 /* AddJellyViewController.swift */,
				EACA8E9A2345830A0029B881 /* SearchTagsViewController.swift */,
				EACA8E982345822D0029B881 /* UserProfileViewController.swift */,
				EA756951237FF114009722F4 /* LaunchScreenViewController.swift */,
			);
			path = "View Controllers";
			sourceTree = "<group>";
		};
		EACA8E9523457CC90029B881 /* Model */ = {
			isa = PBXGroup;
			children = (
				EAB10F11237AB25A000B3519 /* Authentication */,
				EA4EFE17237A2F0F003B5D9A /* Global Constants */,
				EA4EFE12237A2AE4003B5D9A /* Add Jelly VC */,
				EA4EFE13237A2EA4003B5D9A /* User Profile VC */,
				EA4EFE16237A2EF9003B5D9A /* Class */,
				EA4EFE14237A2EB7003B5D9A /* Map VC */,
				EA4EFE15237A2EE8003B5D9A /* Extensions */,
			);
			path = Model;
			sourceTree = "<group>";
		};
		EAD903A3235EA6A4005EB05C /* Supporting Files */ = {
			isa = PBXGroup;
			children = (
				EACA8E8423452CD60029B881 /* Info.plist */,
				EAD903A4235EA6D6005EB05C /* GoogleService-Info.plist */,
			);
			path = "Supporting Files";
			sourceTree = "<group>";
		};
		EADD230E2385092E0096AF7B /* Core Data */ = {
			isa = PBXGroup;
			children = (
				EADD230F238509470096AF7B /* CoconutJelly.xcdatamodeld */,
				EA7E8C9A23874BE200E7A120 /* PersistentManager.swift */,
				EAE0067A2391BD5A0046C732 /* JelliesTag.swift */,
				EAE0067C2391F2AD0046C732 /* JelliesImages.swift */,
				EAE0068023920A050046C732 /* JelliesView.swift */,
				EAE00684239265B50046C732 /* temp.swift */,
			);
			name = "Core Data";
			path = "Presentation/Core Data";
			sourceTree = "<group>";
		};
		EADD231A238606E70096AF7B /* Networking */ = {
			isa = PBXGroup;
			children = (
				EAE00672238B7D5B0046C732 /* NetworkingManager.swift */,
				EAE0068A2393C6D10046C732 /* MapViewManager.swift */,
				EAE00676238CF55E0046C732 /* Snapshot+Extension.swift */,
			);
			path = Networking;
			sourceTree = "<group>";
		};
/* End PBXGroup section */

/* Begin PBXNativeTarget section */
		EACA8E7423452CD30029B881 /* MapView */ = {
			isa = PBXNativeTarget;
			buildConfigurationList = EACA8E8723452CD60029B881 /* Build configuration list for PBXNativeTarget "MapView" */;
			buildPhases = (
				9C158855715F580808A646F5 /* [CP] Check Pods Manifest.lock */,
				EACA8E7123452CD30029B881 /* Sources */,
				EACA8E7223452CD30029B881 /* Frameworks */,
				EACA8E7323452CD30029B881 /* Resources */,
				6CE47A5A04B935A6EB67DF0E /* [CP] Embed Pods Frameworks */,
			);
			buildRules = (
			);
			dependencies = (
			);
			name = MapView;
			productName = MapView;
			productReference = EACA8E7523452CD30029B881 /* MapView.app */;
			productType = "com.apple.product-type.application";
		};
/* End PBXNativeTarget section */

/* Begin PBXProject section */
		EACA8E6D23452CD30029B881 /* Project object */ = {
			isa = PBXProject;
			attributes = {
				LastSwiftUpdateCheck = 1020;
				LastUpgradeCheck = 1020;
				ORGANIZATIONNAME = "Elina Lua Ming";
				TargetAttributes = {
					EACA8E7423452CD30029B881 = {
						CreatedOnToolsVersion = 10.2.1;
					};
				};
			};
			buildConfigurationList = EACA8E7023452CD30029B881 /* Build configuration list for PBXProject "MapView" */;
			compatibilityVersion = "Xcode 9.3";
			developmentRegion = en;
			hasScannedForEncodings = 0;
			knownRegions = (
				en,
				Base,
			);
			mainGroup = EACA8E6C23452CD30029B881;
			productRefGroup = EACA8E7623452CD30029B881 /* Products */;
			projectDirPath = "";
			projectRoot = "";
			targets = (
				EACA8E7423452CD30029B881 /* MapView */,
			);
		};
/* End PBXProject section */

/* Begin PBXResourcesBuildPhase section */
		EACA8E7323452CD30029B881 /* Resources */ = {
			isa = PBXResourcesBuildPhase;
			buildActionMask = 2147483647;
			files = (
				EACA8E8023452CD60029B881 /* Assets.xcassets in Resources */,
				EAD903A5235EA6D6005EB05C /* GoogleService-Info.plist in Resources */,
				EA11ED93236A14E700491657 /* Main.storyboard in Resources */,
			);
			runOnlyForDeploymentPostprocessing = 0;
		};
/* End PBXResourcesBuildPhase section */

/* Begin PBXShellScriptBuildPhase section */
		6CE47A5A04B935A6EB67DF0E /* [CP] Embed Pods Frameworks */ = {
			isa = PBXShellScriptBuildPhase;
			buildActionMask = 2147483647;
			files = (
			);
			inputFileListPaths = (
				"${PODS_ROOT}/Target Support Files/Pods-MapView/Pods-MapView-frameworks-${CONFIGURATION}-input-files.xcfilelist",
			);
			name = "[CP] Embed Pods Frameworks";
			outputFileListPaths = (
				"${PODS_ROOT}/Target Support Files/Pods-MapView/Pods-MapView-frameworks-${CONFIGURATION}-output-files.xcfilelist",
			);
			runOnlyForDeploymentPostprocessing = 0;
			shellPath = /bin/sh;
			shellScript = "\"${PODS_ROOT}/Target Support Files/Pods-MapView/Pods-MapView-frameworks.sh\"\n";
			showEnvVarsInLog = 0;
		};
		9C158855715F580808A646F5 /* [CP] Check Pods Manifest.lock */ = {
			isa = PBXShellScriptBuildPhase;
			buildActionMask = 2147483647;
			files = (
			);
			inputFileListPaths = (
			);
			inputPaths = (
				"${PODS_PODFILE_DIR_PATH}/Podfile.lock",
				"${PODS_ROOT}/Manifest.lock",
			);
			name = "[CP] Check Pods Manifest.lock";
			outputFileListPaths = (
			);
			outputPaths = (
				"$(DERIVED_FILE_DIR)/Pods-MapView-checkManifestLockResult.txt",
			);
			runOnlyForDeploymentPostprocessing = 0;
			shellPath = /bin/sh;
			shellScript = "diff \"${PODS_PODFILE_DIR_PATH}/Podfile.lock\" \"${PODS_ROOT}/Manifest.lock\" > /dev/null\nif [ $? != 0 ] ; then\n    # print error to STDERR\n    echo \"error: The sandbox is not in sync with the Podfile.lock. Run 'pod install' or update your CocoaPods installation.\" >&2\n    exit 1\nfi\n# This output is used by Xcode 'outputs' to avoid re-running this script phase.\necho \"SUCCESS\" > \"${SCRIPT_OUTPUT_FILE_0}\"\n";
			showEnvVarsInLog = 0;
		};
/* End PBXShellScriptBuildPhase section */

/* Begin PBXSourcesBuildPhase section */
		EACA8E7123452CD30029B881 /* Sources */ = {
			isa = PBXSourcesBuildPhase;
			buildActionMask = 2147483647;
			files = (
				EAB10F17237AB4B4000B3519 /* LoginViewController.swift in Sources */,
				EA89B1A2236E9EBC00125472 /* String, Character+Extensions.swift in Sources */,
				EA85C43B2365256400529973 /* SlideInPresentationManager.swift in Sources */,
				EA617855234E417400709A42 /* TagCell.swift in Sources */,
				EAE0067D2391F2AD0046C732 /* JelliesImages.swift in Sources */,
				EAE00685239265B50046C732 /* temp.swift in Sources */,
				EA1EEB00237AC2250089FA35 /* FirebaseAuthManager.swift in Sources */,
				EAE0068B2393C6D10046C732 /* MapViewManager.swift in Sources */,
				EACA8EA02345E79D0029B881 /* String+Extensions.swift in Sources */,
				EACA8E9E2345E19E0029B881 /* JellyViews.swift in Sources */,
				EAE0067B2391BD5A0046C732 /* JelliesTag.swift in Sources */,
				EAF2BF63234690E700CD0755 /* ToDo.swift in Sources */,
				EA792CB2234F9DCC00EDB370 /* TestingJellies.swift in Sources */,
				EACA8E9B2345830A0029B881 /* SearchTagsViewController.swift in Sources */,
				EA7E8C9B23874BE200E7A120 /* PersistentManager.swift in Sources */,
				EA756952237FF114009722F4 /* LaunchScreenViewController.swift in Sources */,
				EAE0068D2393DC6C0046C732 /* NotificationCenter+Extensions.swift in Sources */,
				EAB10F1C237AB4FD000B3519 /* MainViewController.swift in Sources */,
				EA4EFE112377BE33003B5D9A /* CollectionViewCell.swift in Sources */,
				EA43D10D234CFA3D000E5DA4 /* MyTabBarController.swift in Sources */,
				EA11ED8F236913AE00491657 /* LocationSearchTable.swift in Sources */,
				EA4C1E2123651B9100BE4184 /* SearchLocationViewController.swift in Sources */,
				EA85C4432366C0C500529973 /* SlideInPresentationController.swift in Sources */,
				EAE00673238B7D5B0046C732 /* NetworkingManager.swift in Sources */,
				EACA8E7B23452CD30029B881 /* MapViewController.swift in Sources */,
				EAB10F13237AB271000B3519 /* Switcher.swift in Sources */,
				EAB10F1A237AB4D8000B3519 /* SignUpViewController.swift in Sources */,
				EAE00677238CF55E0046C732 /* Snapshot+Extension.swift in Sources */,
				EACA8E7923452CD30029B881 /* AppDelegate.swift in Sources */,
				EA61785B234E811000709A42 /* ProfileCell.swift in Sources */,
				EACA8E8D234564980029B881 /* TestingConstants.swift in Sources */,
				EA40A8C02367A3E500A48E12 /* SlideInPresentationAnimator.swift in Sources */,
				EACA8E992345822D0029B881 /* UserProfileViewController.swift in Sources */,
				EACA8E9323457C580029B881 /* AddJellyViewController.swift in Sources */,
				EAE0068123920A050046C732 /* JelliesView.swift in Sources */,
				EACA8E9123456A210029B881 /* Jelly.swift in Sources */,
				EA0A58EA2384E3CF00971BEE /* PaddingLabel.swift in Sources */,
				EADD2311238509470096AF7B /* CoconutJelly.xcdatamodeld in Sources */,
				EA4C1E1B2364E58500BE4184 /* TextField.swift in Sources */,
				EAE4E62E235FAFD700CB1B5E /* UIColor+Extensions.swift in Sources */,
				EA43D10B234CEC91000E5DA4 /* Tag.swift in Sources */,
				EA4EFE1B237A3122003B5D9A /* GlobalColors.swift in Sources */,
				EA40A8BE2367703A00A48E12 /* Button.swift in Sources */,
			);
			runOnlyForDeploymentPostprocessing = 0;
		};
/* End PBXSourcesBuildPhase section */

/* Begin XCBuildConfiguration section */
		EACA8E8523452CD60029B881 /* Debug */ = {
			isa = XCBuildConfiguration;
			buildSettings = {
				ALWAYS_SEARCH_USER_PATHS = NO;
				CLANG_ANALYZER_NONNULL = YES;
				CLANG_ANALYZER_NUMBER_OBJECT_CONVERSION = YES_AGGRESSIVE;
				CLANG_CXX_LANGUAGE_STANDARD = "gnu++14";
				CLANG_CXX_LIBRARY = "libc++";
				CLANG_ENABLE_MODULES = YES;
				CLANG_ENABLE_OBJC_ARC = YES;
				CLANG_ENABLE_OBJC_WEAK = YES;
				CLANG_WARN_BLOCK_CAPTURE_AUTORELEASING = YES;
				CLANG_WARN_BOOL_CONVERSION = YES;
				CLANG_WARN_COMMA = YES;
				CLANG_WARN_CONSTANT_CONVERSION = YES;
				CLANG_WARN_DEPRECATED_OBJC_IMPLEMENTATIONS = YES;
				CLANG_WARN_DIRECT_OBJC_ISA_USAGE = YES_ERROR;
				CLANG_WARN_DOCUMENTATION_COMMENTS = YES;
				CLANG_WARN_EMPTY_BODY = YES;
				CLANG_WARN_ENUM_CONVERSION = YES;
				CLANG_WARN_INFINITE_RECURSION = YES;
				CLANG_WARN_INT_CONVERSION = YES;
				CLANG_WARN_NON_LITERAL_NULL_CONVERSION = YES;
				CLANG_WARN_OBJC_IMPLICIT_RETAIN_SELF = YES;
				CLANG_WARN_OBJC_LITERAL_CONVERSION = YES;
				CLANG_WARN_OBJC_ROOT_CLASS = YES_ERROR;
				CLANG_WARN_RANGE_LOOP_ANALYSIS = YES;
				CLANG_WARN_STRICT_PROTOTYPES = YES;
				CLANG_WARN_SUSPICIOUS_MOVE = YES;
				CLANG_WARN_UNGUARDED_AVAILABILITY = YES_AGGRESSIVE;
				CLANG_WARN_UNREACHABLE_CODE = YES;
				CLANG_WARN__DUPLICATE_METHOD_MATCH = YES;
				CODE_SIGN_IDENTITY = "iPhone Developer";
				COPY_PHASE_STRIP = NO;
				DEBUG_INFORMATION_FORMAT = dwarf;
				ENABLE_STRICT_OBJC_MSGSEND = YES;
				ENABLE_TESTABILITY = YES;
				GCC_C_LANGUAGE_STANDARD = gnu11;
				GCC_DYNAMIC_NO_PIC = NO;
				GCC_NO_COMMON_BLOCKS = YES;
				GCC_OPTIMIZATION_LEVEL = 0;
				GCC_PREPROCESSOR_DEFINITIONS = (
					"DEBUG=1",
					"$(inherited)",
				);
				GCC_WARN_64_TO_32_BIT_CONVERSION = YES;
				GCC_WARN_ABOUT_RETURN_TYPE = YES_ERROR;
				GCC_WARN_UNDECLARED_SELECTOR = YES;
				GCC_WARN_UNINITIALIZED_AUTOS = YES_AGGRESSIVE;
				GCC_WARN_UNUSED_FUNCTION = YES;
				GCC_WARN_UNUSED_VARIABLE = YES;
				IPHONEOS_DEPLOYMENT_TARGET = 12.2;
				MTL_ENABLE_DEBUG_INFO = INCLUDE_SOURCE;
				MTL_FAST_MATH = YES;
				ONLY_ACTIVE_ARCH = YES;
				SDKROOT = iphoneos;
				SWIFT_ACTIVE_COMPILATION_CONDITIONS = DEBUG;
				SWIFT_OPTIMIZATION_LEVEL = "-Onone";
			};
			name = Debug;
		};
		EACA8E8623452CD60029B881 /* Release */ = {
			isa = XCBuildConfiguration;
			buildSettings = {
				ALWAYS_SEARCH_USER_PATHS = NO;
				CLANG_ANALYZER_NONNULL = YES;
				CLANG_ANALYZER_NUMBER_OBJECT_CONVERSION = YES_AGGRESSIVE;
				CLANG_CXX_LANGUAGE_STANDARD = "gnu++14";
				CLANG_CXX_LIBRARY = "libc++";
				CLANG_ENABLE_MODULES = YES;
				CLANG_ENABLE_OBJC_ARC = YES;
				CLANG_ENABLE_OBJC_WEAK = YES;
				CLANG_WARN_BLOCK_CAPTURE_AUTORELEASING = YES;
				CLANG_WARN_BOOL_CONVERSION = YES;
				CLANG_WARN_COMMA = YES;
				CLANG_WARN_CONSTANT_CONVERSION = YES;
				CLANG_WARN_DEPRECATED_OBJC_IMPLEMENTATIONS = YES;
				CLANG_WARN_DIRECT_OBJC_ISA_USAGE = YES_ERROR;
				CLANG_WARN_DOCUMENTATION_COMMENTS = YES;
				CLANG_WARN_EMPTY_BODY = YES;
				CLANG_WARN_ENUM_CONVERSION = YES;
				CLANG_WARN_INFINITE_RECURSION = YES;
				CLANG_WARN_INT_CONVERSION = YES;
				CLANG_WARN_NON_LITERAL_NULL_CONVERSION = YES;
				CLANG_WARN_OBJC_IMPLICIT_RETAIN_SELF = YES;
				CLANG_WARN_OBJC_LITERAL_CONVERSION = YES;
				CLANG_WARN_OBJC_ROOT_CLASS = YES_ERROR;
				CLANG_WARN_RANGE_LOOP_ANALYSIS = YES;
				CLANG_WARN_STRICT_PROTOTYPES = YES;
				CLANG_WARN_SUSPICIOUS_MOVE = YES;
				CLANG_WARN_UNGUARDED_AVAILABILITY = YES_AGGRESSIVE;
				CLANG_WARN_UNREACHABLE_CODE = YES;
				CLANG_WARN__DUPLICATE_METHOD_MATCH = YES;
				CODE_SIGN_IDENTITY = "iPhone Developer";
				COPY_PHASE_STRIP = NO;
				DEBUG_INFORMATION_FORMAT = "dwarf-with-dsym";
				ENABLE_NS_ASSERTIONS = NO;
				ENABLE_STRICT_OBJC_MSGSEND = YES;
				GCC_C_LANGUAGE_STANDARD = gnu11;
				GCC_NO_COMMON_BLOCKS = YES;
				GCC_WARN_64_TO_32_BIT_CONVERSION = YES;
				GCC_WARN_ABOUT_RETURN_TYPE = YES_ERROR;
				GCC_WARN_UNDECLARED_SELECTOR = YES;
				GCC_WARN_UNINITIALIZED_AUTOS = YES_AGGRESSIVE;
				GCC_WARN_UNUSED_FUNCTION = YES;
				GCC_WARN_UNUSED_VARIABLE = YES;
				IPHONEOS_DEPLOYMENT_TARGET = 12.2;
				MTL_ENABLE_DEBUG_INFO = NO;
				MTL_FAST_MATH = YES;
				SDKROOT = iphoneos;
				SWIFT_COMPILATION_MODE = wholemodule;
				SWIFT_OPTIMIZATION_LEVEL = "-O";
				VALIDATE_PRODUCT = YES;
			};
			name = Release;
		};
		EACA8E8823452CD60029B881 /* Debug */ = {
			isa = XCBuildConfiguration;
			baseConfigurationReference = DAB7F76BEB7C0F800EA2212F /* Pods-MapView.debug.xcconfig */;
			buildSettings = {
				ASSETCATALOG_COMPILER_APPICON_NAME = AppIcon;
				CODE_SIGN_STYLE = Automatic;
				DEVELOPMENT_TEAM = 2VNRS9R64U;
				INFOPLIST_FILE = "$(SRCROOT)/MapView/Supporting Files/Info.plist";
				LD_RUNPATH_SEARCH_PATHS = (
					"$(inherited)",
					"@executable_path/Frameworks",
				);
				PRODUCT_BUNDLE_IDENTIFIER = com.elinaluaming.CoconutJelly;
				PRODUCT_NAME = "$(TARGET_NAME)";
				SWIFT_VERSION = 5.0;
				TARGETED_DEVICE_FAMILY = 1;
			};
			name = Debug;
		};
		EACA8E8923452CD60029B881 /* Release */ = {
			isa = XCBuildConfiguration;
			baseConfigurationReference = AC0FE89230DBDBAC06E9E314 /* Pods-MapView.release.xcconfig */;
			buildSettings = {
				ASSETCATALOG_COMPILER_APPICON_NAME = AppIcon;
				CODE_SIGN_STYLE = Automatic;
				DEVELOPMENT_TEAM = 2VNRS9R64U;
				INFOPLIST_FILE = "$(SRCROOT)/MapView/Supporting Files/Info.plist";
				LD_RUNPATH_SEARCH_PATHS = (
					"$(inherited)",
					"@executable_path/Frameworks",
				);
				PRODUCT_BUNDLE_IDENTIFIER = com.elinaluaming.CoconutJelly;
				PRODUCT_NAME = "$(TARGET_NAME)";
				SWIFT_VERSION = 5.0;
				TARGETED_DEVICE_FAMILY = 1;
			};
			name = Release;
		};
/* End XCBuildConfiguration section */

/* Begin XCConfigurationList section */
		EACA8E7023452CD30029B881 /* Build configuration list for PBXProject "MapView" */ = {
			isa = XCConfigurationList;
			buildConfigurations = (
				EACA8E8523452CD60029B881 /* Debug */,
				EACA8E8623452CD60029B881 /* Release */,
			);
			defaultConfigurationIsVisible = 0;
			defaultConfigurationName = Release;
		};
		EACA8E8723452CD60029B881 /* Build configuration list for PBXNativeTarget "MapView" */ = {
			isa = XCConfigurationList;
			buildConfigurations = (
				EACA8E8823452CD60029B881 /* Debug */,
				EACA8E8923452CD60029B881 /* Release */,
			);
			defaultConfigurationIsVisible = 0;
			defaultConfigurationName = Release;
		};
/* End XCConfigurationList section */

/* Begin XCVersionGroup section */
		EADD230F238509470096AF7B /* CoconutJelly.xcdatamodeld */ = {
			isa = XCVersionGroup;
			children = (
				EADD2310238509470096AF7B /* CoconutJelly.xcdatamodel */,
			);
			currentVersion = EADD2310238509470096AF7B /* CoconutJelly.xcdatamodel */;
			path = CoconutJelly.xcdatamodeld;
			sourceTree = "<group>";
			versionGroupType = wrapper.xcdatamodel;
		};
/* End XCVersionGroup section */
	};
	rootObject = EACA8E6D23452CD30029B881 /* Project object */;
}
