// !$*UTF8*$!
{
	archiveVersion = 1;
	classes = {
	};
	objectVersion = 50;
	objects = {

/* Begin PBXBuildFile section */
		EA43D109234C053C000E5DA4 /* Main.storyboard in Resources */ = {isa = PBXBuildFile; fileRef = EA43D108234C053C000E5DA4 /* Main.storyboard */; };
		EA43D10B234CEC91000E5DA4 /* Tag.swift in Sources */ = {isa = PBXBuildFile; fileRef = EA43D10A234CEC91000E5DA4 /* Tag.swift */; };
		EA43D10D234CFA3D000E5DA4 /* MyTabBarController.swift in Sources */ = {isa = PBXBuildFile; fileRef = EA43D10C234CFA3D000E5DA4 /* MyTabBarController.swift */; };
		EA617855234E417400709A42 /* TagCell.swift in Sources */ = {isa = PBXBuildFile; fileRef = EA617854234E417400709A42 /* TagCell.swift */; };
		EA61785B234E811000709A42 /* ProfileCell.swift in Sources */ = {isa = PBXBuildFile; fileRef = EA61785A234E811000709A42 /* ProfileCell.swift */; };
		EA792CB2234F9DCC00EDB370 /* TestingJellies.swift in Sources */ = {isa = PBXBuildFile; fileRef = EA792CB1234F9DCC00EDB370 /* TestingJellies.swift */; };
		EACA8E7923452CD30029B881 /* AppDelegate.swift in Sources */ = {isa = PBXBuildFile; fileRef = EACA8E7823452CD30029B881 /* AppDelegate.swift */; };
		EACA8E7B23452CD30029B881 /* ViewController.swift in Sources */ = {isa = PBXBuildFile; fileRef = EACA8E7A23452CD30029B881 /* ViewController.swift */; };
		EACA8E8023452CD60029B881 /* Assets.xcassets in Resources */ = {isa = PBXBuildFile; fileRef = EACA8E7F23452CD60029B881 /* Assets.xcassets */; };
		EACA8E8D234564980029B881 /* TestingConstants.swift in Sources */ = {isa = PBXBuildFile; fileRef = EACA8E8C234564980029B881 /* TestingConstants.swift */; };
		EACA8E8F234565850029B881 /* ViewController+Extensions.swift in Sources */ = {isa = PBXBuildFile; fileRef = EACA8E8E234565850029B881 /* ViewController+Extensions.swift */; };
		EACA8E9123456A210029B881 /* Jelly.swift in Sources */ = {isa = PBXBuildFile; fileRef = EACA8E9023456A210029B881 /* Jelly.swift */; };
		EACA8E9323457C580029B881 /* AddJellyViewController.swift in Sources */ = {isa = PBXBuildFile; fileRef = EACA8E9223457C580029B881 /* AddJellyViewController.swift */; };
		EACA8E992345822D0029B881 /* UserProfileViewController.swift in Sources */ = {isa = PBXBuildFile; fileRef = EACA8E982345822D0029B881 /* UserProfileViewController.swift */; };
		EACA8E9B2345830A0029B881 /* SearchTagsViewController.swift in Sources */ = {isa = PBXBuildFile; fileRef = EACA8E9A2345830A0029B881 /* SearchTagsViewController.swift */; };
		EACA8E9E2345E19E0029B881 /* JellyViews.swift in Sources */ = {isa = PBXBuildFile; fileRef = EACA8E9D2345E19E0029B881 /* JellyViews.swift */; };
		EACA8EA02345E79D0029B881 /* String+Extensions.swift in Sources */ = {isa = PBXBuildFile; fileRef = EACA8E9F2345E79D0029B881 /* String+Extensions.swift */; };
		EAE98F322356900900AF25E4 /* AddEventCell.swift in Sources */ = {isa = PBXBuildFile; fileRef = EAE98F312356900900AF25E4 /* AddEventCell.swift */; };
		EAF2BF63234690E700CD0755 /* ToDo.swift in Sources */ = {isa = PBXBuildFile; fileRef = EAF2BF62234690E700CD0755 /* ToDo.swift */; };
/* End PBXBuildFile section */

/* Begin PBXFileReference section */
		EA43D108234C053C000E5DA4 /* Main.storyboard */ = {isa = PBXFileReference; fileEncoding = 4; lastKnownFileType = file.storyboard; name = Main.storyboard; path = ../../../Main.storyboard; sourceTree = "<group>"; };
		EA43D10A234CEC91000E5DA4 /* Tag.swift */ = {isa = PBXFileReference; lastKnownFileType = sourcecode.swift; path = Tag.swift; sourceTree = "<group>"; };
		EA43D10C234CFA3D000E5DA4 /* MyTabBarController.swift */ = {isa = PBXFileReference; lastKnownFileType = sourcecode.swift; path = MyTabBarController.swift; sourceTree = "<group>"; };
		EA617854234E417400709A42 /* TagCell.swift */ = {isa = PBXFileReference; lastKnownFileType = sourcecode.swift; name = TagCell.swift; path = "../View Controllers/TagCell.swift"; sourceTree = "<group>"; };
		EA61785A234E811000709A42 /* ProfileCell.swift */ = {isa = PBXFileReference; lastKnownFileType = sourcecode.swift; path = ProfileCell.swift; sourceTree = "<group>"; };
		EA792CB1234F9DCC00EDB370 /* TestingJellies.swift */ = {isa = PBXFileReference; lastKnownFileType = sourcecode.swift; path = TestingJellies.swift; sourceTree = "<group>"; };
		EACA8E7523452CD30029B881 /* MapView.app */ = {isa = PBXFileReference; explicitFileType = wrapper.application; includeInIndex = 0; path = MapView.app; sourceTree = BUILT_PRODUCTS_DIR; };
		EACA8E7823452CD30029B881 /* AppDelegate.swift */ = {isa = PBXFileReference; lastKnownFileType = sourcecode.swift; path = AppDelegate.swift; sourceTree = "<group>"; };
		EACA8E7A23452CD30029B881 /* ViewController.swift */ = {isa = PBXFileReference; lastKnownFileType = sourcecode.swift; path = ViewController.swift; sourceTree = "<group>"; };
		EACA8E7F23452CD60029B881 /* Assets.xcassets */ = {isa = PBXFileReference; lastKnownFileType = folder.assetcatalog; path = Assets.xcassets; sourceTree = "<group>"; };
		EACA8E8423452CD60029B881 /* Info.plist */ = {isa = PBXFileReference; lastKnownFileType = text.plist.xml; path = Info.plist; sourceTree = "<group>"; };
		EACA8E8C234564980029B881 /* TestingConstants.swift */ = {isa = PBXFileReference; lastKnownFileType = sourcecode.swift; path = TestingConstants.swift; sourceTree = "<group>"; };
		EACA8E8E234565850029B881 /* ViewController+Extensions.swift */ = {isa = PBXFileReference; lastKnownFileType = sourcecode.swift; path = "ViewController+Extensions.swift"; sourceTree = "<group>"; };
		EACA8E9023456A210029B881 /* Jelly.swift */ = {isa = PBXFileReference; lastKnownFileType = sourcecode.swift; path = Jelly.swift; sourceTree = "<group>"; };
		EACA8E9223457C580029B881 /* AddJellyViewController.swift */ = {isa = PBXFileReference; lastKnownFileType = sourcecode.swift; path = AddJellyViewController.swift; sourceTree = "<group>"; };
		EACA8E982345822D0029B881 /* UserProfileViewController.swift */ = {isa = PBXFileReference; lastKnownFileType = sourcecode.swift; path = UserProfileViewController.swift; sourceTree = "<group>"; };
		EACA8E9A2345830A0029B881 /* SearchTagsViewController.swift */ = {isa = PBXFileReference; lastKnownFileType = sourcecode.swift; path = SearchTagsViewController.swift; sourceTree = "<group>"; };
		EACA8E9C2345D9400029B881 /* Home.gpx */ = {isa = PBXFileReference; lastKnownFileType = text.xml; path = Home.gpx; sourceTree = "<group>"; };
		EACA8E9D2345E19E0029B881 /* JellyViews.swift */ = {isa = PBXFileReference; lastKnownFileType = sourcecode.swift; path = JellyViews.swift; sourceTree = "<group>"; };
		EACA8E9F2345E79D0029B881 /* String+Extensions.swift */ = {isa = PBXFileReference; lastKnownFileType = sourcecode.swift; path = "String+Extensions.swift"; sourceTree = "<group>"; };
		EAE98F312356900900AF25E4 /* AddEventCell.swift */ = {isa = PBXFileReference; lastKnownFileType = sourcecode.swift; path = AddEventCell.swift; sourceTree = "<group>"; };
		EAF2BF62234690E700CD0755 /* ToDo.swift */ = {isa = PBXFileReference; lastKnownFileType = sourcecode.swift; path = ToDo.swift; sourceTree = "<group>"; };
/* End PBXFileReference section */

/* Begin PBXFrameworksBuildPhase section */
		EACA8E7223452CD30029B881 /* Frameworks */ = {
			isa = PBXFrameworksBuildPhase;
			buildActionMask = 2147483647;
			files = (
			);
			runOnlyForDeploymentPostprocessing = 0;
		};
/* End PBXFrameworksBuildPhase section */

/* Begin PBXGroup section */
		EA792CB3234F9DD200EDB370 /* Testing */ = {
			isa = PBXGroup;
			children = (
				EACA8E8C234564980029B881 /* TestingConstants.swift */,
				EA792CB1234F9DCC00EDB370 /* TestingJellies.swift */,
			);
			path = Testing;
			sourceTree = "<group>";
		};
		EACA8E6C23452CD30029B881 = {
			isa = PBXGroup;
			children = (
				EACA8E9C2345D9400029B881 /* Home.gpx */,
				EACA8E7723452CD30029B881 /* MapView */,
				EACA8E7623452CD30029B881 /* Products */,
			);
			sourceTree = "<group>";
		};
		EACA8E7623452CD30029B881 /* Products */ = {
			isa = PBXGroup;
			children = (
				EACA8E7523452CD30029B881 /* MapView.app */,
			);
			name = Products;
			sourceTree = "<group>";
		};
		EACA8E7723452CD30029B881 /* MapView */ = {
			isa = PBXGroup;
			children = (
				EACA8E7823452CD30029B881 /* AppDelegate.swift */,
				EACA8E9423457C7D0029B881 /* View Controllers */,
				EACA8E9523457CC90029B881 /* Model */,
				EA792CB3234F9DD200EDB370 /* Testing */,
				EAF2BF62234690E700CD0755 /* ToDo.swift */,
				EACA8E7F23452CD60029B881 /* Assets.xcassets */,
				EA43D108234C053C000E5DA4 /* Main.storyboard */,
				EACA8E8423452CD60029B881 /* Info.plist */,
			);
			path = MapView;
			sourceTree = "<group>";
		};
		EACA8E9423457C7D0029B881 /* View Controllers */ = {
			isa = PBXGroup;
			children = (
				EACA8E7A23452CD30029B881 /* ViewController.swift */,
				EACA8E8E234565850029B881 /* ViewController+Extensions.swift */,
				EA43D10C234CFA3D000E5DA4 /* MyTabBarController.swift */,
				EACA8E9223457C580029B881 /* AddJellyViewController.swift */,
				EACA8E9A2345830A0029B881 /* SearchTagsViewController.swift */,
				EACA8E982345822D0029B881 /* UserProfileViewController.swift */,
			);
			path = "View Controllers";
			sourceTree = "<group>";
		};
		EACA8E9523457CC90029B881 /* Model */ = {
			isa = PBXGroup;
			children = (
				EA617854234E417400709A42 /* TagCell.swift */,
				EA61785A234E811000709A42 /* ProfileCell.swift */,
				EAE98F312356900900AF25E4 /* AddEventCell.swift */,
				EACA8E9023456A210029B881 /* Jelly.swift */,
				EACA8E9D2345E19E0029B881 /* JellyViews.swift */,
				EA43D10A234CEC91000E5DA4 /* Tag.swift */,
				EACA8E9F2345E79D0029B881 /* String+Extensions.swift */,
			);
			path = Model;
			sourceTree = "<group>";
		};
/* End PBXGroup section */

/* Begin PBXNativeTarget section */
		EACA8E7423452CD30029B881 /* MapView */ = {
			isa = PBXNativeTarget;
			buildConfigurationList = EACA8E8723452CD60029B881 /* Build configuration list for PBXNativeTarget "MapView" */;
			buildPhases = (
				EACA8E7123452CD30029B881 /* Sources */,
				EACA8E7223452CD30029B881 /* Frameworks */,
				EACA8E7323452CD30029B881 /* Resources */,
			);
			buildRules = (
			);
			dependencies = (
			);
			name = MapView;
			productName = MapView;
			productReference = EACA8E7523452CD30029B881 /* MapView.app */;
			productType = "com.apple.product-type.application";
		};
/* End PBXNativeTarget section */

/* Begin PBXProject section */
		EACA8E6D23452CD30029B881 /* Project object */ = {
			isa = PBXProject;
			attributes = {
				LastSwiftUpdateCheck = 1020;
				LastUpgradeCheck = 1020;
				ORGANIZATIONNAME = "Elina Lua Ming";
				TargetAttributes = {
					EACA8E7423452CD30029B881 = {
						CreatedOnToolsVersion = 10.2.1;
					};
				};
			};
			buildConfigurationList = EACA8E7023452CD30029B881 /* Build configuration list for PBXProject "MapView" */;
			compatibilityVersion = "Xcode 9.3";
			developmentRegion = en;
			hasScannedForEncodings = 0;
			knownRegions = (
				en,
				Base,
			);
			mainGroup = EACA8E6C23452CD30029B881;
			productRefGroup = EACA8E7623452CD30029B881 /* Products */;
			projectDirPath = "";
			projectRoot = "";
			targets = (
				EACA8E7423452CD30029B881 /* MapView */,
			);
		};
/* End PBXProject section */

/* Begin PBXResourcesBuildPhase section */
		EACA8E7323452CD30029B881 /* Resources */ = {
			isa = PBXResourcesBuildPhase;
			buildActionMask = 2147483647;
			files = (
				EA43D109234C053C000E5DA4 /* Main.storyboard in Resources */,
				EACA8E8023452CD60029B881 /* Assets.xcassets in Resources */,
			);
			runOnlyForDeploymentPostprocessing = 0;
		};
/* End PBXResourcesBuildPhase section */

/* Begin PBXSourcesBuildPhase section */
		EACA8E7123452CD30029B881 /* Sources */ = {
			isa = PBXSourcesBuildPhase;
			buildActionMask = 2147483647;
			files = (
				EA617855234E417400709A42 /* TagCell.swift in Sources */,
				EACA8E8F234565850029B881 /* ViewController+Extensions.swift in Sources */,
				EACA8EA02345E79D0029B881 /* String+Extensions.swift in Sources */,
				EACA8E9E2345E19E0029B881 /* JellyViews.swift in Sources */,
				EAF2BF63234690E700CD0755 /* ToDo.swift in Sources */,
				EA792CB2234F9DCC00EDB370 /* TestingJellies.swift in Sources */,
				EACA8E9B2345830A0029B881 /* SearchTagsViewController.swift in Sources */,
				EA43D10D234CFA3D000E5DA4 /* MyTabBarController.swift in Sources */,
				EAE98F322356900900AF25E4 /* AddEventCell.swift in Sources */,
				EACA8E7B23452CD30029B881 /* ViewController.swift in Sources */,
				EACA8E7923452CD30029B881 /* AppDelegate.swift in Sources */,
				EA61785B234E811000709A42 /* ProfileCell.swift in Sources */,
				EACA8E8D234564980029B881 /* TestingConstants.swift in Sources */,
				EACA8E992345822D0029B881 /* UserProfileViewController.swift in Sources */,
				EACA8E9323457C580029B881 /* AddJellyViewController.swift in Sources */,
				EACA8E9123456A210029B881 /* Jelly.swift in Sources */,
				EA43D10B234CEC91000E5DA4 /* Tag.swift in Sources */,
			);
			runOnlyForDeploymentPostprocessing = 0;
		};
/* End PBXSourcesBuildPhase section */

/* Begin XCBuildConfiguration section */
		EACA8E8523452CD60029B881 /* Debug */ = {
			isa = XCBuildConfiguration;
			buildSettings = {
				ALWAYS_SEARCH_USER_PATHS = NO;
				CLANG_ANALYZER_NONNULL = YES;
				CLANG_ANALYZER_NUMBER_OBJECT_CONVERSION = YES_AGGRESSIVE;
				CLANG_CXX_LANGUAGE_STANDARD = "gnu++14";
				CLANG_CXX_LIBRARY = "libc++";
				CLANG_ENABLE_MODULES = YES;
				CLANG_ENABLE_OBJC_ARC = YES;
				CLANG_ENABLE_OBJC_WEAK = YES;
				CLANG_WARN_BLOCK_CAPTURE_AUTORELEASING = YES;
				CLANG_WARN_BOOL_CONVERSION = YES;
				CLANG_WARN_COMMA = YES;
				CLANG_WARN_CONSTANT_CONVERSION = YES;
				CLANG_WARN_DEPRECATED_OBJC_IMPLEMENTATIONS = YES;
				CLANG_WARN_DIRECT_OBJC_ISA_USAGE = YES_ERROR;
				CLANG_WARN_DOCUMENTATION_COMMENTS = YES;
				CLANG_WARN_EMPTY_BODY = YES;
				CLANG_WARN_ENUM_CONVERSION = YES;
				CLANG_WARN_INFINITE_RECURSION = YES;
				CLANG_WARN_INT_CONVERSION = YES;
				CLANG_WARN_NON_LITERAL_NULL_CONVERSION = YES;
				CLANG_WARN_OBJC_IMPLICIT_RETAIN_SELF = YES;
				CLANG_WARN_OBJC_LITERAL_CONVERSION = YES;
				CLANG_WARN_OBJC_ROOT_CLASS = YES_ERROR;
				CLANG_WARN_RANGE_LOOP_ANALYSIS = YES;
				CLANG_WARN_STRICT_PROTOTYPES = YES;
				CLANG_WARN_SUSPICIOUS_MOVE = YES;
				CLANG_WARN_UNGUARDED_AVAILABILITY = YES_AGGRESSIVE;
				CLANG_WARN_UNREACHABLE_CODE = YES;
				CLANG_WARN__DUPLICATE_METHOD_MATCH = YES;
				CODE_SIGN_IDENTITY = "iPhone Developer";
				COPY_PHASE_STRIP = NO;
				DEBUG_INFORMATION_FORMAT = dwarf;
				ENABLE_STRICT_OBJC_MSGSEND = YES;
				ENABLE_TESTABILITY = YES;
				GCC_C_LANGUAGE_STANDARD = gnu11;
				GCC_DYNAMIC_NO_PIC = NO;
				GCC_NO_COMMON_BLOCKS = YES;
				GCC_OPTIMIZATION_LEVEL = 0;
				GCC_PREPROCESSOR_DEFINITIONS = (
					"DEBUG=1",
					"$(inherited)",
				);
				GCC_WARN_64_TO_32_BIT_CONVERSION = YES;
				GCC_WARN_ABOUT_RETURN_TYPE = YES_ERROR;
				GCC_WARN_UNDECLARED_SELECTOR = YES;
				GCC_WARN_UNINITIALIZED_AUTOS = YES_AGGRESSIVE;
				GCC_WARN_UNUSED_FUNCTION = YES;
				GCC_WARN_UNUSED_VARIABLE = YES;
				IPHONEOS_DEPLOYMENT_TARGET = 12.2;
				MTL_ENABLE_DEBUG_INFO = INCLUDE_SOURCE;
				MTL_FAST_MATH = YES;
				ONLY_ACTIVE_ARCH = YES;
				SDKROOT = iphoneos;
				SWIFT_ACTIVE_COMPILATION_CONDITIONS = DEBUG;
				SWIFT_OPTIMIZATION_LEVEL = "-Onone";
			};
			name = Debug;
		};
		EACA8E8623452CD60029B881 /* Release */ = {
			isa = XCBuildConfiguration;
			buildSettings = {
				ALWAYS_SEARCH_USER_PATHS = NO;
				CLANG_ANALYZER_NONNULL = YES;
				CLANG_ANALYZER_NUMBER_OBJECT_CONVERSION = YES_AGGRESSIVE;
				CLANG_CXX_LANGUAGE_STANDARD = "gnu++14";
				CLANG_CXX_LIBRARY = "libc++";
				CLANG_ENABLE_MODULES = YES;
				CLANG_ENABLE_OBJC_ARC = YES;
				CLANG_ENABLE_OBJC_WEAK = YES;
				CLANG_WARN_BLOCK_CAPTURE_AUTORELEASING = YES;
				CLANG_WARN_BOOL_CONVERSION = YES;
				CLANG_WARN_COMMA = YES;
				CLANG_WARN_CONSTANT_CONVERSION = YES;
				CLANG_WARN_DEPRECATED_OBJC_IMPLEMENTATIONS = YES;
				CLANG_WARN_DIRECT_OBJC_ISA_USAGE = YES_ERROR;
				CLANG_WARN_DOCUMENTATION_COMMENTS = YES;
				CLANG_WARN_EMPTY_BODY = YES;
				CLANG_WARN_ENUM_CONVERSION = YES;
				CLANG_WARN_INFINITE_RECURSION = YES;
				CLANG_WARN_INT_CONVERSION = YES;
				CLANG_WARN_NON_LITERAL_NULL_CONVERSION = YES;
				CLANG_WARN_OBJC_IMPLICIT_RETAIN_SELF = YES;
				CLANG_WARN_OBJC_LITERAL_CONVERSION = YES;
				CLANG_WARN_OBJC_ROOT_CLASS = YES_ERROR;
				CLANG_WARN_RANGE_LOOP_ANALYSIS = YES;
				CLANG_WARN_STRICT_PROTOTYPES = YES;
				CLANG_WARN_SUSPICIOUS_MOVE = YES;
				CLANG_WARN_UNGUARDED_AVAILABILITY = YES_AGGRESSIVE;
				CLANG_WARN_UNREACHABLE_CODE = YES;
				CLANG_WARN__DUPLICATE_METHOD_MATCH = YES;
				CODE_SIGN_IDENTITY = "iPhone Developer";
				COPY_PHASE_STRIP = NO;
				DEBUG_INFORMATION_FORMAT = "dwarf-with-dsym";
				ENABLE_NS_ASSERTIONS = NO;
				ENABLE_STRICT_OBJC_MSGSEND = YES;
				GCC_C_LANGUAGE_STANDARD = gnu11;
				GCC_NO_COMMON_BLOCKS = YES;
				GCC_WARN_64_TO_32_BIT_CONVERSION = YES;
				GCC_WARN_ABOUT_RETURN_TYPE = YES_ERROR;
				GCC_WARN_UNDECLARED_SELECTOR = YES;
				GCC_WARN_UNINITIALIZED_AUTOS = YES_AGGRESSIVE;
				GCC_WARN_UNUSED_FUNCTION = YES;
				GCC_WARN_UNUSED_VARIABLE = YES;
				IPHONEOS_DEPLOYMENT_TARGET = 12.2;
				MTL_ENABLE_DEBUG_INFO = NO;
				MTL_FAST_MATH = YES;
				SDKROOT = iphoneos;
				SWIFT_COMPILATION_MODE = wholemodule;
				SWIFT_OPTIMIZATION_LEVEL = "-O";
				VALIDATE_PRODUCT = YES;
			};
			name = Release;
		};
		EACA8E8823452CD60029B881 /* Debug */ = {
			isa = XCBuildConfiguration;
			buildSettings = {
				ASSETCATALOG_COMPILER_APPICON_NAME = AppIcon;
				CODE_SIGN_STYLE = Automatic;
				DEVELOPMENT_TEAM = 2VNRS9R64U;
				INFOPLIST_FILE = MapView/Info.plist;
				LD_RUNPATH_SEARCH_PATHS = (
					"$(inherited)",
					"@executable_path/Frameworks",
				);
				PRODUCT_BUNDLE_IDENTIFIER = com.elinaluaming.CoconutJelly;
				PRODUCT_NAME = "$(TARGET_NAME)";
				SWIFT_VERSION = 5.0;
				TARGETED_DEVICE_FAMILY = "1,2";
			};
			name = Debug;
		};
		EACA8E8923452CD60029B881 /* Release */ = {
			isa = XCBuildConfiguration;
			buildSettings = {
				ASSETCATALOG_COMPILER_APPICON_NAME = AppIcon;
				CODE_SIGN_STYLE = Automatic;
				DEVELOPMENT_TEAM = 2VNRS9R64U;
				INFOPLIST_FILE = MapView/Info.plist;
				LD_RUNPATH_SEARCH_PATHS = (
					"$(inherited)",
					"@executable_path/Frameworks",
				);
				PRODUCT_BUNDLE_IDENTIFIER = com.elinaluaming.CoconutJelly;
				PRODUCT_NAME = "$(TARGET_NAME)";
				SWIFT_VERSION = 5.0;
				TARGETED_DEVICE_FAMILY = "1,2";
			};
			name = Release;
		};
/* End XCBuildConfiguration section */

/* Begin XCConfigurationList section */
		EACA8E7023452CD30029B881 /* Build configuration list for PBXProject "MapView" */ = {
			isa = XCConfigurationList;
			buildConfigurations = (
				EACA8E8523452CD60029B881 /* Debug */,
				EACA8E8623452CD60029B881 /* Release */,
			);
			defaultConfigurationIsVisible = 0;
			defaultConfigurationName = Release;
		};
		EACA8E8723452CD60029B881 /* Build configuration list for PBXNativeTarget "MapView" */ = {
			isa = XCConfigurationList;
			buildConfigurations = (
				EACA8E8823452CD60029B881 /* Debug */,
				EACA8E8923452CD60029B881 /* Release */,
			);
			defaultConfigurationIsVisible = 0;
			defaultConfigurationName = Release;
		};
/* End XCConfigurationList section */
	};
	rootObject = EACA8E6D23452CD30029B881 /* Project object */;
}
